{
  "name": "spotify",
  "version": "1.0.0",
  "lockfileVersion": 3,
  "requires": true,
  "packages": {
    "": {
      "name": "spotify",
      "version": "1.0.0",
      "license": "ISC",
      "dependencies": {
        "slug": "^8.2.3",
        "slugify": "^1.6.6"
      }
    },
    "node_modules/slug": {
      "version": "8.2.3",
      "resolved": "https://registry.npmjs.org/slug/-/slug-8.2.3.tgz",
      "integrity": "sha512-fXjhAZszNecz855GUNIwW0+sFPi9WV4bMiEKDOCA4wcq1ts1UnUVNy/F78B0Aat7/W3rA+se//33ILKNMrbeYQ==",
      "bin": {
        "slug": "cli.js"
      }
    },
    "node_modules/slugify": {
      "version": "1.6.6",
      "resolved": "https://registry.npmjs.org/slugify/-/slugify-1.6.6.tgz",
      "integrity": "sha512-h+z7HKHYXj6wJU+AnS/+IH8Uh9fdcX1Lrhg1/VMdf9PwoBQXFcXiAdsy2tSK0P6gKwJLXp02r90ahUCqHk9rrw==",
      "engines": {
        "node": ">=8.0.0"
      }
    }
  }
}
